
Microsoft Visual Studio Solution File, Format Version 12.00
# Visual Studio 2012
Project("{FAE04EC0-301F-11D3-BF4B-00C04F79EFBC}") = "Serialization", "Serialization\Serialization.csproj", "{51B02E78-BD64-4DB9-B694-0FC348B0B080}"
EndProject
Project("{FAE04EC0-301F-11D3-BF4B-00C04F79EFBC}") = "Performance.Core", "Performance.Core\Performance.Core.csproj", "{0A865928-323F-48A6-8575-965A39F6BBE9}"
EndProject
Project("{FAE04EC0-301F-11D3-BF4B-00C04F79EFBC}") = "Basic", "Basic\Basic.csproj", "{6DD40084-B4BA-425C-9EA3-074A5D812A5B}"
EndProject
Project("{2150E333-8FDC-42A3-9474-1A3956D46DE8}") = ".nuget", ".nuget", "{7E047069-A8B2-401A-BBF6-4DEA8D064B69}"
	ProjectSection(SolutionItems) = preProject
		.nuget\packages.config = .nuget\packages.config
	EndProjectSection
EndProject
Project("{FAE04EC0-301F-11D3-BF4B-00C04F79EFBC}") = "Azure", "Azure\Azure.csproj", "{E0B34E21-761D-4D5F-A148-28B07C78FAEB}"
EndProject
Global
	GlobalSection(SolutionConfigurationPlatforms) = preSolution
		Debug|Any CPU = Debug|Any CPU
		Release|Any CPU = Release|Any CPU
	EndGlobalSection
	GlobalSection(ProjectConfigurationPlatforms) = postSolution
		{51B02E78-BD64-4DB9-B694-0FC348B0B080}.Debug|Any CPU.ActiveCfg = Debug|Any CPU
		{51B02E78-BD64-4DB9-B694-0FC348B0B080}.Debug|Any CPU.Build.0 = Debug|Any CPU
		{51B02E78-BD64-4DB9-B694-0FC348B0B080}.Release|Any CPU.ActiveCfg = Release|Any CPU
		{51B02E78-BD64-4DB9-B694-0FC348B0B080}.Release|Any CPU.Build.0 = Release|Any CPU
		{0A865928-323F-48A6-8575-965A39F6BBE9}.Debug|Any CPU.ActiveCfg = Debug|Any CPU
		{0A865928-323F-48A6-8575-965A39F6BBE9}.Debug|Any CPU.Build.0 = Debug|Any CPU
		{0A865928-323F-48A6-8575-965A39F6BBE9}.Release|Any CPU.ActiveCfg = Release|Any CPU
		{0A865928-323F-48A6-8575-965A39F6BBE9}.Release|Any CPU.Build.0 = Release|Any CPU
		{6DD40084-B4BA-425C-9EA3-074A5D812A5B}.Debug|Any CPU.ActiveCfg = Debug|Any CPU
		{6DD40084-B4BA-425C-9EA3-074A5D812A5B}.Debug|Any CPU.Build.0 = Debug|Any CPU
		{6DD40084-B4BA-425C-9EA3-074A5D812A5B}.Release|Any CPU.ActiveCfg = Release|Any CPU
		{6DD40084-B4BA-425C-9EA3-074A5D812A5B}.Release|Any CPU.Build.0 = Release|Any CPU
		{E0B34E21-761D-4D5F-A148-28B07C78FAEB}.Debug|Any CPU.ActiveCfg = Debug|Any CPU
		{E0B34E21-761D-4D5F-A148-28B07C78FAEB}.Debug|Any CPU.Build.0 = Debug|Any CPU
		{E0B34E21-761D-4D5F-A148-28B07C78FAEB}.Release|Any CPU.ActiveCfg = Release|Any CPU
		{E0B34E21-761D-4D5F-A148-28B07C78FAEB}.Release|Any CPU.Build.0 = Release|Any CPU
	EndGlobalSection
	GlobalSection(SolutionProperties) = preSolution
		HideSolutionNode = FALSE
	EndGlobalSection
EndGlobal
