
Microsoft Visual Studio Solution File, Format Version 12.00
# Visual Studio 2012
Project("{FAE04EC0-301F-11D3-BF4B-00C04F79EFBC}") = "Serialization", "Serialization\Serialization.csproj", "{51B02E78-BD64-4DB9-B694-0FC348B0B080}"
EndProject
Project("{FAE04EC0-301F-11D3-BF4B-00C04F79EFBC}") = "Performance.Core", "Performance.Core\Performance.Core.csproj", "{0A865928-323F-48A6-8575-965A39F6BBE9}"
EndProject
Project("{FAE04EC0-301F-11D3-BF4B-00C04F79EFBC}") = "Basic", "Basic\Basic.csproj", "{6DD40084-B4BA-425C-9EA3-074A5D812A5B}"
EndProject
Global
	GlobalSection(SolutionConfigurationPlatforms) = preSolution
		Debug|Any CPU = Debug|Any CPU
		Release|Any CPU = Release|Any CPU
	EndGlobalSection
	GlobalSection(ProjectConfigurationPlatforms) = postSolution
		{51B02E78-BD64-4DB9-B694-0FC348B0B080}.Debug|Any CPU.ActiveCfg = Debug|Any CPU
		{51B02E78-BD64-4DB9-B694-0FC348B0B080}.Debug|Any CPU.Build.0 = Debug|Any CPU
		{51B02E78-BD64-4DB9-B694-0FC348B0B080}.Release|Any CPU.ActiveCfg = Release|Any CPU
		{51B02E78-BD64-4DB9-B694-0FC348B0B080}.Release|Any CPU.Build.0 = Release|Any CPU
		{0A865928-323F-48A6-8575-965A39F6BBE9}.Debug|Any CPU.ActiveCfg = Debug|Any CPU
		{0A865928-323F-48A6-8575-965A39F6BBE9}.Debug|Any CPU.Build.0 = Debug|Any CPU
		{0A865928-323F-48A6-8575-965A39F6BBE9}.Release|Any CPU.ActiveCfg = Release|Any CPU
		{0A865928-323F-48A6-8575-965A39F6BBE9}.Release|Any CPU.Build.0 = Release|Any CPU
		{6DD40084-B4BA-425C-9EA3-074A5D812A5B}.Debug|Any CPU.ActiveCfg = Debug|Any CPU
		{6DD40084-B4BA-425C-9EA3-074A5D812A5B}.Debug|Any CPU.Build.0 = Debug|Any CPU
		{6DD40084-B4BA-425C-9EA3-074A5D812A5B}.Release|Any CPU.ActiveCfg = Release|Any CPU
		{6DD40084-B4BA-425C-9EA3-074A5D812A5B}.Release|Any CPU.Build.0 = Release|Any CPU
	EndGlobalSection
	GlobalSection(SolutionProperties) = preSolution
		HideSolutionNode = FALSE
	EndGlobalSection
EndGlobal
